
Microsoft Visual Studio Solution File, Format Version 12.00
# Visual Studio Version 17
VisualStudioVersion = 17.5.002.0
MinimumVisualStudioVersion = 10.0.40219.1
Project("{9A19103F-16F7-4668-BE54-9A1E7A4F7556}") = "01-1", "01-1\01-1.csproj", "{B73A1E0C-9305-4F7E-88BE-E6F6914E0CA2}"
EndProject
Project("{FAE04EC0-301F-11D3-BF4B-00C04F79EFBC}") = "02-1", "02-1\02-1.csproj", "{50637B69-B77F-4F84-A3D6-6242A798E5FD}"
EndProject
Project("{FAE04EC0-301F-11D3-BF4B-00C04F79EFBC}") = "03-1", "03-1\03-1\03-1.csproj", "{E479D913-8ECC-416C-9823-B189862CB175}"
EndProject
Project("{FAE04EC0-301F-11D3-BF4B-00C04F79EFBC}") = "04-1", "04-1\04-1.csproj", "{2230FB89-312B-49BE-AD43-D335C6654DE4}"
EndProject
Project("{FAE04EC0-301F-11D3-BF4B-00C04F79EFBC}") = "05-1", "05-1\05-1.csproj", "{8E0FF542-06D5-4291-B326-C0681C89FD3E}"
EndProject
Project("{FAE04EC0-301F-11D3-BF4B-00C04F79EFBC}") = "06-1", "06-1\06-1.csproj", "{2ACC2FAD-4B01-4407-9E22-9AD95DB56F6D}"
EndProject
Project("{FAE04EC0-301F-11D3-BF4B-00C04F79EFBC}") = "07-1", "07-1\07-1.csproj", "{9AD37726-876F-420E-9CAF-CB86B6E5127D}"
EndProject
Project("{FAE04EC0-301F-11D3-BF4B-00C04F79EFBC}") = "08-1", "08-1\08-1.csproj", "{BADBC153-CD4A-4557-A86C-D06BBA579E84}"
EndProject
Project("{FAE04EC0-301F-11D3-BF4B-00C04F79EFBC}") = "09-1", "09-1\09-1.csproj", "{606EB993-D34E-43C5-B419-C96A20206947}"
EndProject
Project("{FAE04EC0-301F-11D3-BF4B-00C04F79EFBC}") = "10-1", "10-1\10-1.csproj", "{CB237D2C-D9C7-4E28-A4BE-CB174B247EE4}"
EndProject
Project("{FAE04EC0-301F-11D3-BF4B-00C04F79EFBC}") = "11-1", "11-1\11-1.csproj", "{7FE6FC9D-093E-410C-BB9F-CD6464B2782F}"
EndProject
Project("{FAE04EC0-301F-11D3-BF4B-00C04F79EFBC}") = "12-1", "12-1\12-1.csproj", "{F994C818-4F7D-4D83-9416-99D1D98BB343}"
EndProject
Project("{FAE04EC0-301F-11D3-BF4B-00C04F79EFBC}") = "13-1", "13-1\13-1.csproj", "{6AC37B8B-ED08-4794-9713-810B77F29D37}"
EndProject
Project("{FAE04EC0-301F-11D3-BF4B-00C04F79EFBC}") = "14-1", "14-1\14-1.csproj", "{3A453924-3F2A-45CA-88C1-7D957380A5B6}"
EndProject
Project("{FAE04EC0-301F-11D3-BF4B-00C04F79EFBC}") = "15-1", "15-1\15-1.csproj", "{856EDC73-09C1-49FB-A12C-824BCD6A1FC7}"
EndProject
Project("{FAE04EC0-301F-11D3-BF4B-00C04F79EFBC}") = "16-1", "16-1\16-1.csproj", "{62C3096A-B5D6-4801-B8FA-50E20DEDBD97}"
EndProject
Global
	GlobalSection(SolutionConfigurationPlatforms) = preSolution
		Debug|Any CPU = Debug|Any CPU
		Release|Any CPU = Release|Any CPU
	EndGlobalSection
	GlobalSection(ProjectConfigurationPlatforms) = postSolution
		{B73A1E0C-9305-4F7E-88BE-E6F6914E0CA2}.Debug|Any CPU.ActiveCfg = Debug|Any CPU
		{B73A1E0C-9305-4F7E-88BE-E6F6914E0CA2}.Debug|Any CPU.Build.0 = Debug|Any CPU
		{B73A1E0C-9305-4F7E-88BE-E6F6914E0CA2}.Release|Any CPU.ActiveCfg = Release|Any CPU
		{B73A1E0C-9305-4F7E-88BE-E6F6914E0CA2}.Release|Any CPU.Build.0 = Release|Any CPU
		{B7581205-853F-4DCE-A4FC-005D530704B9}.Debug|Any CPU.ActiveCfg = Debug|Any CPU
		{B7581205-853F-4DCE-A4FC-005D530704B9}.Debug|Any CPU.Build.0 = Debug|Any CPU
		{B7581205-853F-4DCE-A4FC-005D530704B9}.Release|Any CPU.ActiveCfg = Release|Any CPU
		{B7581205-853F-4DCE-A4FC-005D530704B9}.Release|Any CPU.Build.0 = Release|Any CPU
		{50637B69-B77F-4F84-A3D6-6242A798E5FD}.Debug|Any CPU.ActiveCfg = Debug|Any CPU
		{50637B69-B77F-4F84-A3D6-6242A798E5FD}.Debug|Any CPU.Build.0 = Debug|Any CPU
		{50637B69-B77F-4F84-A3D6-6242A798E5FD}.Release|Any CPU.ActiveCfg = Release|Any CPU
		{50637B69-B77F-4F84-A3D6-6242A798E5FD}.Release|Any CPU.Build.0 = Release|Any CPU
		{E479D913-8ECC-416C-9823-B189862CB175}.Debug|Any CPU.ActiveCfg = Debug|Any CPU
		{E479D913-8ECC-416C-9823-B189862CB175}.Debug|Any CPU.Build.0 = Debug|Any CPU
		{E479D913-8ECC-416C-9823-B189862CB175}.Release|Any CPU.ActiveCfg = Release|Any CPU
		{E479D913-8ECC-416C-9823-B189862CB175}.Release|Any CPU.Build.0 = Release|Any CPU
		{2230FB89-312B-49BE-AD43-D335C6654DE4}.Debug|Any CPU.ActiveCfg = Debug|Any CPU
		{2230FB89-312B-49BE-AD43-D335C6654DE4}.Debug|Any CPU.Build.0 = Debug|Any CPU
		{2230FB89-312B-49BE-AD43-D335C6654DE4}.Release|Any CPU.ActiveCfg = Release|Any CPU
		{2230FB89-312B-49BE-AD43-D335C6654DE4}.Release|Any CPU.Build.0 = Release|Any CPU
		{8E0FF542-06D5-4291-B326-C0681C89FD3E}.Debug|Any CPU.ActiveCfg = Debug|Any CPU
		{8E0FF542-06D5-4291-B326-C0681C89FD3E}.Debug|Any CPU.Build.0 = Debug|Any CPU
		{8E0FF542-06D5-4291-B326-C0681C89FD3E}.Release|Any CPU.ActiveCfg = Release|Any CPU
		{8E0FF542-06D5-4291-B326-C0681C89FD3E}.Release|Any CPU.Build.0 = Release|Any CPU
		{2ACC2FAD-4B01-4407-9E22-9AD95DB56F6D}.Debug|Any CPU.ActiveCfg = Debug|Any CPU
		{2ACC2FAD-4B01-4407-9E22-9AD95DB56F6D}.Debug|Any CPU.Build.0 = Debug|Any CPU
		{2ACC2FAD-4B01-4407-9E22-9AD95DB56F6D}.Release|Any CPU.ActiveCfg = Release|Any CPU
		{2ACC2FAD-4B01-4407-9E22-9AD95DB56F6D}.Release|Any CPU.Build.0 = Release|Any CPU
		{9AD37726-876F-420E-9CAF-CB86B6E5127D}.Debug|Any CPU.ActiveCfg = Debug|Any CPU
		{9AD37726-876F-420E-9CAF-CB86B6E5127D}.Debug|Any CPU.Build.0 = Debug|Any CPU
		{9AD37726-876F-420E-9CAF-CB86B6E5127D}.Release|Any CPU.ActiveCfg = Release|Any CPU
		{9AD37726-876F-420E-9CAF-CB86B6E5127D}.Release|Any CPU.Build.0 = Release|Any CPU
		{BADBC153-CD4A-4557-A86C-D06BBA579E84}.Debug|Any CPU.ActiveCfg = Debug|Any CPU
		{BADBC153-CD4A-4557-A86C-D06BBA579E84}.Debug|Any CPU.Build.0 = Debug|Any CPU
		{BADBC153-CD4A-4557-A86C-D06BBA579E84}.Release|Any CPU.ActiveCfg = Release|Any CPU
		{BADBC153-CD4A-4557-A86C-D06BBA579E84}.Release|Any CPU.Build.0 = Release|Any CPU
		{606EB993-D34E-43C5-B419-C96A20206947}.Debug|Any CPU.ActiveCfg = Debug|Any CPU
		{606EB993-D34E-43C5-B419-C96A20206947}.Debug|Any CPU.Build.0 = Debug|Any CPU
		{606EB993-D34E-43C5-B419-C96A20206947}.Release|Any CPU.ActiveCfg = Release|Any CPU
		{606EB993-D34E-43C5-B419-C96A20206947}.Release|Any CPU.Build.0 = Release|Any CPU
		{CB237D2C-D9C7-4E28-A4BE-CB174B247EE4}.Debug|Any CPU.ActiveCfg = Debug|Any CPU
		{CB237D2C-D9C7-4E28-A4BE-CB174B247EE4}.Debug|Any CPU.Build.0 = Debug|Any CPU
		{CB237D2C-D9C7-4E28-A4BE-CB174B247EE4}.Release|Any CPU.ActiveCfg = Release|Any CPU
		{CB237D2C-D9C7-4E28-A4BE-CB174B247EE4}.Release|Any CPU.Build.0 = Release|Any CPU
		{7FE6FC9D-093E-410C-BB9F-CD6464B2782F}.Debug|Any CPU.ActiveCfg = Debug|Any CPU
		{7FE6FC9D-093E-410C-BB9F-CD6464B2782F}.Debug|Any CPU.Build.0 = Debug|Any CPU
		{7FE6FC9D-093E-410C-BB9F-CD6464B2782F}.Release|Any CPU.ActiveCfg = Release|Any CPU
		{7FE6FC9D-093E-410C-BB9F-CD6464B2782F}.Release|Any CPU.Build.0 = Release|Any CPU
		{F994C818-4F7D-4D83-9416-99D1D98BB343}.Debug|Any CPU.ActiveCfg = Debug|Any CPU
		{F994C818-4F7D-4D83-9416-99D1D98BB343}.Debug|Any CPU.Build.0 = Debug|Any CPU
		{F994C818-4F7D-4D83-9416-99D1D98BB343}.Release|Any CPU.ActiveCfg = Release|Any CPU
		{F994C818-4F7D-4D83-9416-99D1D98BB343}.Release|Any CPU.Build.0 = Release|Any CPU
		{6AC37B8B-ED08-4794-9713-810B77F29D37}.Debug|Any CPU.ActiveCfg = Debug|Any CPU
		{6AC37B8B-ED08-4794-9713-810B77F29D37}.Debug|Any CPU.Build.0 = Debug|Any CPU
		{6AC37B8B-ED08-4794-9713-810B77F29D37}.Release|Any CPU.ActiveCfg = Release|Any CPU
		{6AC37B8B-ED08-4794-9713-810B77F29D37}.Release|Any CPU.Build.0 = Release|Any CPU
		{3A453924-3F2A-45CA-88C1-7D957380A5B6}.Debug|Any CPU.ActiveCfg = Debug|Any CPU
		{3A453924-3F2A-45CA-88C1-7D957380A5B6}.Debug|Any CPU.Build.0 = Debug|Any CPU
		{3A453924-3F2A-45CA-88C1-7D957380A5B6}.Release|Any CPU.ActiveCfg = Release|Any CPU
		{3A453924-3F2A-45CA-88C1-7D957380A5B6}.Release|Any CPU.Build.0 = Release|Any CPU
		{856EDC73-09C1-49FB-A12C-824BCD6A1FC7}.Debug|Any CPU.ActiveCfg = Debug|Any CPU
		{856EDC73-09C1-49FB-A12C-824BCD6A1FC7}.Debug|Any CPU.Build.0 = Debug|Any CPU
		{856EDC73-09C1-49FB-A12C-824BCD6A1FC7}.Release|Any CPU.ActiveCfg = Release|Any CPU
		{856EDC73-09C1-49FB-A12C-824BCD6A1FC7}.Release|Any CPU.Build.0 = Release|Any CPU
		{62C3096A-B5D6-4801-B8FA-50E20DEDBD97}.Debug|Any CPU.ActiveCfg = Debug|Any CPU
		{62C3096A-B5D6-4801-B8FA-50E20DEDBD97}.Debug|Any CPU.Build.0 = Debug|Any CPU
		{62C3096A-B5D6-4801-B8FA-50E20DEDBD97}.Release|Any CPU.ActiveCfg = Release|Any CPU
		{62C3096A-B5D6-4801-B8FA-50E20DEDBD97}.Release|Any CPU.Build.0 = Release|Any CPU
	EndGlobalSection
	GlobalSection(SolutionProperties) = preSolution
		HideSolutionNode = FALSE
	EndGlobalSection
	GlobalSection(ExtensibilityGlobals) = postSolution
		SolutionGuid = {3F581D89-4E5C-4536-8A39-8C9E920D36BF}
	EndGlobalSection
EndGlobal
